// !$*UTF8*$!
{
	archiveVersion = 1;
	classes = {
	};
	objectVersion = 51;
	objects = {

/* Begin PBXBuildFile section */
		5207AD0823A99F340003DE10 /* AppDelegate.swift in Sources */ = {isa = PBXBuildFile; fileRef = 5207AD0723A99F340003DE10 /* AppDelegate.swift */; };
		5207AD0A23A99F340003DE10 /* SceneDelegate.swift in Sources */ = {isa = PBXBuildFile; fileRef = 5207AD0923A99F340003DE10 /* SceneDelegate.swift */; };
		5207AD0C23A99F340003DE10 /* ViewController.swift in Sources */ = {isa = PBXBuildFile; fileRef = 5207AD0B23A99F340003DE10 /* ViewController.swift */; };
		5207AD0F23A99F340003DE10 /* Main.storyboard in Resources */ = {isa = PBXBuildFile; fileRef = 5207AD0D23A99F340003DE10 /* Main.storyboard */; };
		5207AD1223A99F340003DE10 /* CitasMedicas.xcdatamodeld in Sources */ = {isa = PBXBuildFile; fileRef = 5207AD1023A99F340003DE10 /* CitasMedicas.xcdatamodeld */; };
		5207AD1423A99F3B0003DE10 /* Assets.xcassets in Resources */ = {isa = PBXBuildFile; fileRef = 5207AD1323A99F3B0003DE10 /* Assets.xcassets */; };
		5207AD1723A99F3C0003DE10 /* LaunchScreen.storyboard in Resources */ = {isa = PBXBuildFile; fileRef = 5207AD1523A99F3C0003DE10 /* LaunchScreen.storyboard */; };
		5222A35B23B67D45008E23DD /* TabBarViewController.swift in Sources */ = {isa = PBXBuildFile; fileRef = 5222A35A23B67D45008E23DD /* TabBarViewController.swift */; };
		5227A34D23C7F39000CB4D1B /* AvailableSchedules.swift in Sources */ = {isa = PBXBuildFile; fileRef = 5227A34C23C7F39000CB4D1B /* AvailableSchedules.swift */; };
		522EAD8923B25F52006A3B41 /* DoctorsTableViewCell.swift in Sources */ = {isa = PBXBuildFile; fileRef = 522EAD8823B25F52006A3B41 /* DoctorsTableViewCell.swift */; };
		522EAD8B23B2603E006A3B41 /* AppointmentsTableViewCell.swift in Sources */ = {isa = PBXBuildFile; fileRef = 522EAD8A23B2603E006A3B41 /* AppointmentsTableViewCell.swift */; };
		522EAD8D23B264B6006A3B41 /* Doctors.swift in Sources */ = {isa = PBXBuildFile; fileRef = 522EAD8C23B264B6006A3B41 /* Doctors.swift */; };
		522EAD8F23B2723B006A3B41 /* Appointment.swift in Sources */ = {isa = PBXBuildFile; fileRef = 522EAD8E23B2723B006A3B41 /* Appointment.swift */; };
		522EAD9123B29606006A3B41 /* ServicesAPI.swift in Sources */ = {isa = PBXBuildFile; fileRef = 522EAD9023B29606006A3B41 /* ServicesAPI.swift */; };
		52B985C623B17AF100E541CF /* User.swift in Sources */ = {isa = PBXBuildFile; fileRef = 52B985C523B17AF100E541CF /* User.swift */; };
		52B985C923B1818000E541CF /* RegistryViewController.swift in Sources */ = {isa = PBXBuildFile; fileRef = 52B985C823B1818000E541CF /* RegistryViewController.swift */; };
		52B985CB23B1836100E541CF /* DoctorsViewController.swift in Sources */ = {isa = PBXBuildFile; fileRef = 52B985CA23B1836100E541CF /* DoctorsViewController.swift */; };
		52B985CD23B183AC00E541CF /* MedicalAppointmentsViewController.swift in Sources */ = {isa = PBXBuildFile; fileRef = 52B985CC23B183AC00E541CF /* MedicalAppointmentsViewController.swift */; };
		52B985CF23B1841500E541CF /* UserProfileViewController.swift in Sources */ = {isa = PBXBuildFile; fileRef = 52B985CE23B1841500E541CF /* UserProfileViewController.swift */; };
		52B985D123B185AF00E541CF /* RecordAppointmentViewController.swift in Sources */ = {isa = PBXBuildFile; fileRef = 52B985D023B185AF00E541CF /* RecordAppointmentViewController.swift */; };
		52B985D323B18A3F00E541CF /* Constants.swift in Sources */ = {isa = PBXBuildFile; fileRef = 52B985D223B18A3F00E541CF /* Constants.swift */; };
		6E63A7884D79040EBD004FDF /* Pods_CitasMedicas.framework in Frameworks */ = {isa = PBXBuildFile; fileRef = C6FB4BA330F87F8E3A03F49C /* Pods_CitasMedicas.framework */; };
/* End PBXBuildFile section */

/* Begin PBXFileReference section */
		1588101A702D64CEFE7E2546 /* Pods-CitasMedicas.release.xcconfig */ = {isa = PBXFileReference; includeInIndex = 1; lastKnownFileType = text.xcconfig; name = "Pods-CitasMedicas.release.xcconfig"; path = "Target Support Files/Pods-CitasMedicas/Pods-CitasMedicas.release.xcconfig"; sourceTree = "<group>"; };
		3E100FBFF2E2BDF94356582F /* Pods-CitasMedicas.debug.xcconfig */ = {isa = PBXFileReference; includeInIndex = 1; lastKnownFileType = text.xcconfig; name = "Pods-CitasMedicas.debug.xcconfig"; path = "Target Support Files/Pods-CitasMedicas/Pods-CitasMedicas.debug.xcconfig"; sourceTree = "<group>"; };
		5207AD0423A99F340003DE10 /* CitasMedicas.app */ = {isa = PBXFileReference; explicitFileType = wrapper.application; includeInIndex = 0; path = CitasMedicas.app; sourceTree = BUILT_PRODUCTS_DIR; };
		5207AD0723A99F340003DE10 /* AppDelegate.swift */ = {isa = PBXFileReference; lastKnownFileType = sourcecode.swift; path = AppDelegate.swift; sourceTree = "<group>"; };
		5207AD0923A99F340003DE10 /* SceneDelegate.swift */ = {isa = PBXFileReference; lastKnownFileType = sourcecode.swift; path = SceneDelegate.swift; sourceTree = "<group>"; };
		5207AD0B23A99F340003DE10 /* ViewController.swift */ = {isa = PBXFileReference; lastKnownFileType = sourcecode.swift; path = ViewController.swift; sourceTree = "<group>"; };
		5207AD0E23A99F340003DE10 /* Base */ = {isa = PBXFileReference; lastKnownFileType = file.storyboard; name = Base; path = Base.lproj/Main.storyboard; sourceTree = "<group>"; };
		5207AD1123A99F340003DE10 /* CitasMedicas.xcdatamodel */ = {isa = PBXFileReference; lastKnownFileType = wrapper.xcdatamodel; path = CitasMedicas.xcdatamodel; sourceTree = "<group>"; };
		5207AD1323A99F3B0003DE10 /* Assets.xcassets */ = {isa = PBXFileReference; lastKnownFileType = folder.assetcatalog; path = Assets.xcassets; sourceTree = "<group>"; };
		5207AD1623A99F3C0003DE10 /* Base */ = {isa = PBXFileReference; lastKnownFileType = file.storyboard; name = Base; path = Base.lproj/LaunchScreen.storyboard; sourceTree = "<group>"; };
		5207AD1823A99F3C0003DE10 /* Info.plist */ = {isa = PBXFileReference; lastKnownFileType = text.plist.xml; path = Info.plist; sourceTree = "<group>"; };
		5222A35A23B67D45008E23DD /* TabBarViewController.swift */ = {isa = PBXFileReference; lastKnownFileType = sourcecode.swift; path = TabBarViewController.swift; sourceTree = "<group>"; };
		5227A34C23C7F39000CB4D1B /* AvailableSchedules.swift */ = {isa = PBXFileReference; lastKnownFileType = sourcecode.swift; path = AvailableSchedules.swift; sourceTree = "<group>"; };
		522EAD8823B25F52006A3B41 /* DoctorsTableViewCell.swift */ = {isa = PBXFileReference; lastKnownFileType = sourcecode.swift; path = DoctorsTableViewCell.swift; sourceTree = "<group>"; };
		522EAD8A23B2603E006A3B41 /* AppointmentsTableViewCell.swift */ = {isa = PBXFileReference; lastKnownFileType = sourcecode.swift; path = AppointmentsTableViewCell.swift; sourceTree = "<group>"; };
		522EAD8C23B264B6006A3B41 /* Doctors.swift */ = {isa = PBXFileReference; lastKnownFileType = sourcecode.swift; path = Doctors.swift; sourceTree = "<group>"; };
		522EAD8E23B2723B006A3B41 /* Appointment.swift */ = {isa = PBXFileReference; lastKnownFileType = sourcecode.swift; path = Appointment.swift; sourceTree = "<group>"; };
		522EAD9023B29606006A3B41 /* ServicesAPI.swift */ = {isa = PBXFileReference; lastKnownFileType = sourcecode.swift; path = ServicesAPI.swift; sourceTree = "<group>"; };
		52B985C523B17AF100E541CF /* User.swift */ = {isa = PBXFileReference; lastKnownFileType = sourcecode.swift; path = User.swift; sourceTree = "<group>"; };
		52B985C823B1818000E541CF /* RegistryViewController.swift */ = {isa = PBXFileReference; lastKnownFileType = sourcecode.swift; path = RegistryViewController.swift; sourceTree = "<group>"; };
		52B985CA23B1836100E541CF /* DoctorsViewController.swift */ = {isa = PBXFileReference; lastKnownFileType = sourcecode.swift; path = DoctorsViewController.swift; sourceTree = "<group>"; };
		52B985CC23B183AC00E541CF /* MedicalAppointmentsViewController.swift */ = {isa = PBXFileReference; lastKnownFileType = sourcecode.swift; path = MedicalAppointmentsViewController.swift; sourceTree = "<group>"; };
		52B985CE23B1841500E541CF /* UserProfileViewController.swift */ = {isa = PBXFileReference; lastKnownFileType = sourcecode.swift; path = UserProfileViewController.swift; sourceTree = "<group>"; };
		52B985D023B185AF00E541CF /* RecordAppointmentViewController.swift */ = {isa = PBXFileReference; lastKnownFileType = sourcecode.swift; path = RecordAppointmentViewController.swift; sourceTree = "<group>"; };
		52B985D223B18A3F00E541CF /* Constants.swift */ = {isa = PBXFileReference; lastKnownFileType = sourcecode.swift; path = Constants.swift; sourceTree = "<group>"; };
		C6FB4BA330F87F8E3A03F49C /* Pods_CitasMedicas.framework */ = {isa = PBXFileReference; explicitFileType = wrapper.framework; includeInIndex = 0; path = Pods_CitasMedicas.framework; sourceTree = BUILT_PRODUCTS_DIR; };
/* End PBXFileReference section */

/* Begin PBXFrameworksBuildPhase section */
		5207AD0123A99F340003DE10 /* Frameworks */ = {
			isa = PBXFrameworksBuildPhase;
			buildActionMask = 2147483647;
			files = (
				6E63A7884D79040EBD004FDF /* Pods_CitasMedicas.framework in Frameworks */,
			);
			runOnlyForDeploymentPostprocessing = 0;
		};
/* End PBXFrameworksBuildPhase section */

/* Begin PBXGroup section */
		5207ACFB23A99F340003DE10 = {
			isa = PBXGroup;
			children = (
				5207AD0623A99F340003DE10 /* CitasMedicas */,
				5207AD0523A99F340003DE10 /* Products */,
				8D1B664BE504BEB5AECE6757 /* Pods */,
				59D03277357E0C842A764BE3 /* Frameworks */,
			);
			sourceTree = "<group>";
		};
		5207AD0523A99F340003DE10 /* Products */ = {
			isa = PBXGroup;
			children = (
				5207AD0423A99F340003DE10 /* CitasMedicas.app */,
			);
			name = Products;
			sourceTree = "<group>";
		};
		5207AD0623A99F340003DE10 /* CitasMedicas */ = {
			isa = PBXGroup;
			children = (
				5227A34B23C7F1CD00CB4D1B /* Views */,
				5227A34A23C7F1A600CB4D1B /* Services */,
				52B985C723B17F3F00E541CF /* Resources */,
				52B985C423B17A3F00E541CF /* Controllers */,
				52B985C323B17A0100E541CF /* Models */,
				5207AD0723A99F340003DE10 /* AppDelegate.swift */,
				5207AD0923A99F340003DE10 /* SceneDelegate.swift */,
				5207AD1323A99F3B0003DE10 /* Assets.xcassets */,
				5207AD1823A99F3C0003DE10 /* Info.plist */,
				5207AD1023A99F340003DE10 /* CitasMedicas.xcdatamodeld */,
			);
			path = CitasMedicas;
			sourceTree = "<group>";
		};
		5227A34A23C7F1A600CB4D1B /* Services */ = {
			isa = PBXGroup;
			children = (
				522EAD9023B29606006A3B41 /* ServicesAPI.swift */,
			);
			path = Services;
			sourceTree = "<group>";
		};
		5227A34B23C7F1CD00CB4D1B /* Views */ = {
			isa = PBXGroup;
			children = (
				5207AD0D23A99F340003DE10 /* Main.storyboard */,
				5207AD1523A99F3C0003DE10 /* LaunchScreen.storyboard */,
			);
			path = Views;
			sourceTree = "<group>";
		};
		52B985C323B17A0100E541CF /* Models */ = {
			isa = PBXGroup;
			children = (
				52B985C523B17AF100E541CF /* User.swift */,
				522EAD8C23B264B6006A3B41 /* Doctors.swift */,
				522EAD8E23B2723B006A3B41 /* Appointment.swift */,
				5227A34C23C7F39000CB4D1B /* AvailableSchedules.swift */,
			);
			path = Models;
			sourceTree = "<group>";
		};
		52B985C423B17A3F00E541CF /* Controllers */ = {
			isa = PBXGroup;
			children = (
				5207AD0B23A99F340003DE10 /* ViewController.swift */,
				52B985C823B1818000E541CF /* RegistryViewController.swift */,
				52B985CA23B1836100E541CF /* DoctorsViewController.swift */,
				52B985CC23B183AC00E541CF /* MedicalAppointmentsViewController.swift */,
				52B985CE23B1841500E541CF /* UserProfileViewController.swift */,
				52B985D023B185AF00E541CF /* RecordAppointmentViewController.swift */,
				5222A35A23B67D45008E23DD /* TabBarViewController.swift */,
			);
			path = Controllers;
			sourceTree = "<group>";
		};
		52B985C723B17F3F00E541CF /* Resources */ = {
			isa = PBXGroup;
			children = (
				522EAD8823B25F52006A3B41 /* DoctorsTableViewCell.swift */,
				522EAD8A23B2603E006A3B41 /* AppointmentsTableViewCell.swift */,
				52B985D223B18A3F00E541CF /* Constants.swift */,
			);
			path = Resources;
			sourceTree = "<group>";
		};
		59D03277357E0C842A764BE3 /* Frameworks */ = {
			isa = PBXGroup;
			children = (
				C6FB4BA330F87F8E3A03F49C /* Pods_CitasMedicas.framework */,
			);
			name = Frameworks;
			sourceTree = "<group>";
		};
		8D1B664BE504BEB5AECE6757 /* Pods */ = {
			isa = PBXGroup;
			children = (
				3E100FBFF2E2BDF94356582F /* Pods-CitasMedicas.debug.xcconfig */,
				1588101A702D64CEFE7E2546 /* Pods-CitasMedicas.release.xcconfig */,
			);
			path = Pods;
			sourceTree = "<group>";
		};
/* End PBXGroup section */

/* Begin PBXNativeTarget section */
		5207AD0323A99F340003DE10 /* CitasMedicas */ = {
			isa = PBXNativeTarget;
			buildConfigurationList = 5207AD1B23A99F3C0003DE10 /* Build configuration list for PBXNativeTarget "CitasMedicas" */;
			buildPhases = (
				AA3C39622D2FC1949213D41D /* [CP] Check Pods Manifest.lock */,
				5207AD0023A99F340003DE10 /* Sources */,
				5207AD0123A99F340003DE10 /* Frameworks */,
				5207AD0223A99F340003DE10 /* Resources */,
				649CD5A2120CE4CFD0DF2553 /* [CP] Embed Pods Frameworks */,
			);
			buildRules = (
			);
			dependencies = (
			);
			name = CitasMedicas;
			productName = CitasMedicas;
			productReference = 5207AD0423A99F340003DE10 /* CitasMedicas.app */;
			productType = "com.apple.product-type.application";
		};
/* End PBXNativeTarget section */

/* Begin PBXProject section */
		5207ACFC23A99F340003DE10 /* Project object */ = {
			isa = PBXProject;
			attributes = {
				LastSwiftUpdateCheck = 1120;
				LastUpgradeCheck = 1120;
				ORGANIZATIONNAME = "Macbook Pro Oscar";
				TargetAttributes = {
					5207AD0323A99F340003DE10 = {
						CreatedOnToolsVersion = 11.2;
					};
				};
			};
			buildConfigurationList = 5207ACFF23A99F340003DE10 /* Build configuration list for PBXProject "CitasMedicas" */;
			compatibilityVersion = "Xcode 9.3";
			developmentRegion = en;
			hasScannedForEncodings = 0;
			knownRegions = (
				en,
				Base,
			);
			mainGroup = 5207ACFB23A99F340003DE10;
			productRefGroup = 5207AD0523A99F340003DE10 /* Products */;
			projectDirPath = "";
			projectRoot = "";
			targets = (
				5207AD0323A99F340003DE10 /* CitasMedicas */,
			);
		};
/* End PBXProject section */

/* Begin PBXResourcesBuildPhase section */
		5207AD0223A99F340003DE10 /* Resources */ = {
			isa = PBXResourcesBuildPhase;
			buildActionMask = 2147483647;
			files = (
				5207AD1723A99F3C0003DE10 /* LaunchScreen.storyboard in Resources */,
				5207AD1423A99F3B0003DE10 /* Assets.xcassets in Resources */,
				5207AD0F23A99F340003DE10 /* Main.storyboard in Resources */,
			);
			runOnlyForDeploymentPostprocessing = 0;
		};
/* End PBXResourcesBuildPhase section */

/* Begin PBXShellScriptBuildPhase section */
		649CD5A2120CE4CFD0DF2553 /* [CP] Embed Pods Frameworks */ = {
			isa = PBXShellScriptBuildPhase;
			buildActionMask = 2147483647;
			files = (
			);
			inputFileListPaths = (
				"${PODS_ROOT}/Target Support Files/Pods-CitasMedicas/Pods-CitasMedicas-frameworks-${CONFIGURATION}-input-files.xcfilelist",
			);
			name = "[CP] Embed Pods Frameworks";
			outputFileListPaths = (
				"${PODS_ROOT}/Target Support Files/Pods-CitasMedicas/Pods-CitasMedicas-frameworks-${CONFIGURATION}-output-files.xcfilelist",
			);
			runOnlyForDeploymentPostprocessing = 0;
			shellPath = /bin/sh;
			shellScript = "\"${PODS_ROOT}/Target Support Files/Pods-CitasMedicas/Pods-CitasMedicas-frameworks.sh\"\n";
			showEnvVarsInLog = 0;
		};
		AA3C39622D2FC1949213D41D /* [CP] Check Pods Manifest.lock */ = {
			isa = PBXShellScriptBuildPhase;
			buildActionMask = 2147483647;
			files = (
			);
			inputFileListPaths = (
			);
			inputPaths = (
				"${PODS_PODFILE_DIR_PATH}/Podfile.lock",
				"${PODS_ROOT}/Manifest.lock",
			);
			name = "[CP] Check Pods Manifest.lock";
			outputFileListPaths = (
			);
			outputPaths = (
				"$(DERIVED_FILE_DIR)/Pods-CitasMedicas-checkManifestLockResult.txt",
			);
			runOnlyForDeploymentPostprocessing = 0;
			shellPath = /bin/sh;
			shellScript = "diff \"${PODS_PODFILE_DIR_PATH}/Podfile.lock\" \"${PODS_ROOT}/Manifest.lock\" > /dev/null\nif [ $? != 0 ] ; then\n    # print error to STDERR\n    echo \"error: The sandbox is not in sync with the Podfile.lock. Run 'pod install' or update your CocoaPods installation.\" >&2\n    exit 1\nfi\n# This output is used by Xcode 'outputs' to avoid re-running this script phase.\necho \"SUCCESS\" > \"${SCRIPT_OUTPUT_FILE_0}\"\n";
			showEnvVarsInLog = 0;
		};
/* End PBXShellScriptBuildPhase section */

/* Begin PBXSourcesBuildPhase section */
		5207AD0023A99F340003DE10 /* Sources */ = {
			isa = PBXSourcesBuildPhase;
			buildActionMask = 2147483647;
			files = (
				5207AD0C23A99F340003DE10 /* ViewController.swift in Sources */,
				52B985D323B18A3F00E541CF /* Constants.swift in Sources */,
				522EAD8923B25F52006A3B41 /* DoctorsTableViewCell.swift in Sources */,
				522EAD8B23B2603E006A3B41 /* AppointmentsTableViewCell.swift in Sources */,
				5227A34D23C7F39000CB4D1B /* AvailableSchedules.swift in Sources */,
				5222A35B23B67D45008E23DD /* TabBarViewController.swift in Sources */,
				5207AD0823A99F340003DE10 /* AppDelegate.swift in Sources */,
				52B985CD23B183AC00E541CF /* MedicalAppointmentsViewController.swift in Sources */,
				5207AD0A23A99F340003DE10 /* SceneDelegate.swift in Sources */,
				522EAD9123B29606006A3B41 /* ServicesAPI.swift in Sources */,
				52B985CB23B1836100E541CF /* DoctorsViewController.swift in Sources */,
				52B985D123B185AF00E541CF /* RecordAppointmentViewController.swift in Sources */,
				522EAD8D23B264B6006A3B41 /* Doctors.swift in Sources */,
				522EAD8F23B2723B006A3B41 /* Appointment.swift in Sources */,
				52B985C623B17AF100E541CF /* User.swift in Sources */,
				5207AD1223A99F340003DE10 /* CitasMedicas.xcdatamodeld in Sources */,
				52B985CF23B1841500E541CF /* UserProfileViewController.swift in Sources */,
				52B985C923B1818000E541CF /* RegistryViewController.swift in Sources */,
			);
			runOnlyForDeploymentPostprocessing = 0;
		};
/* End PBXSourcesBuildPhase section */

/* Begin PBXVariantGroup section */
		5207AD0D23A99F340003DE10 /* Main.storyboard */ = {
			isa = PBXVariantGroup;
			children = (
				5207AD0E23A99F340003DE10 /* Base */,
			);
			name = Main.storyboard;
			sourceTree = "<group>";
		};
		5207AD1523A99F3C0003DE10 /* LaunchScreen.storyboard */ = {
			isa = PBXVariantGroup;
			children = (
				5207AD1623A99F3C0003DE10 /* Base */,
			);
			name = LaunchScreen.storyboard;
			sourceTree = "<group>";
		};
/* End PBXVariantGroup section */

/* Begin XCBuildConfiguration section */
		5207AD1923A99F3C0003DE10 /* Debug */ = {
			isa = XCBuildConfiguration;
			buildSettings = {
				ALWAYS_SEARCH_USER_PATHS = NO;
				CLANG_ANALYZER_NONNULL = YES;
				CLANG_ANALYZER_NUMBER_OBJECT_CONVERSION = YES_AGGRESSIVE;
				CLANG_CXX_LANGUAGE_STANDARD = "gnu++14";
				CLANG_CXX_LIBRARY = "libc++";
				CLANG_ENABLE_MODULES = YES;
				CLANG_ENABLE_OBJC_ARC = YES;
				CLANG_ENABLE_OBJC_WEAK = YES;
				CLANG_WARN_BLOCK_CAPTURE_AUTORELEASING = YES;
				CLANG_WARN_BOOL_CONVERSION = YES;
				CLANG_WARN_COMMA = YES;
				CLANG_WARN_CONSTANT_CONVERSION = YES;
				CLANG_WARN_DEPRECATED_OBJC_IMPLEMENTATIONS = YES;
				CLANG_WARN_DIRECT_OBJC_ISA_USAGE = YES_ERROR;
				CLANG_WARN_DOCUMENTATION_COMMENTS = YES;
				CLANG_WARN_EMPTY_BODY = YES;
				CLANG_WARN_ENUM_CONVERSION = YES;
				CLANG_WARN_INFINITE_RECURSION = YES;
				CLANG_WARN_INT_CONVERSION = YES;
				CLANG_WARN_NON_LITERAL_NULL_CONVERSION = YES;
				CLANG_WARN_OBJC_IMPLICIT_RETAIN_SELF = YES;
				CLANG_WARN_OBJC_LITERAL_CONVERSION = YES;
				CLANG_WARN_OBJC_ROOT_CLASS = YES_ERROR;
				CLANG_WARN_RANGE_LOOP_ANALYSIS = YES;
				CLANG_WARN_STRICT_PROTOTYPES = YES;
				CLANG_WARN_SUSPICIOUS_MOVE = YES;
				CLANG_WARN_UNGUARDED_AVAILABILITY = YES_AGGRESSIVE;
				CLANG_WARN_UNREACHABLE_CODE = YES;
				CLANG_WARN__DUPLICATE_METHOD_MATCH = YES;
				COPY_PHASE_STRIP = NO;
				DEBUG_INFORMATION_FORMAT = dwarf;
				ENABLE_STRICT_OBJC_MSGSEND = YES;
				ENABLE_TESTABILITY = YES;
				GCC_C_LANGUAGE_STANDARD = gnu11;
				GCC_DYNAMIC_NO_PIC = NO;
				GCC_NO_COMMON_BLOCKS = YES;
				GCC_OPTIMIZATION_LEVEL = 0;
				GCC_PREPROCESSOR_DEFINITIONS = (
					"DEBUG=1",
					"$(inherited)",
				);
				GCC_WARN_64_TO_32_BIT_CONVERSION = YES;
				GCC_WARN_ABOUT_RETURN_TYPE = YES_ERROR;
				GCC_WARN_UNDECLARED_SELECTOR = YES;
				GCC_WARN_UNINITIALIZED_AUTOS = YES_AGGRESSIVE;
				GCC_WARN_UNUSED_FUNCTION = YES;
				GCC_WARN_UNUSED_VARIABLE = YES;
				IPHONEOS_DEPLOYMENT_TARGET = 13.2;
				MTL_ENABLE_DEBUG_INFO = INCLUDE_SOURCE;
				MTL_FAST_MATH = YES;
				ONLY_ACTIVE_ARCH = YES;
				SDKROOT = iphoneos;
				SWIFT_ACTIVE_COMPILATION_CONDITIONS = DEBUG;
				SWIFT_OPTIMIZATION_LEVEL = "-Onone";
			};
			name = Debug;
		};
		5207AD1A23A99F3C0003DE10 /* Release */ = {
			isa = XCBuildConfiguration;
			buildSettings = {
				ALWAYS_SEARCH_USER_PATHS = NO;
				CLANG_ANALYZER_NONNULL = YES;
				CLANG_ANALYZER_NUMBER_OBJECT_CONVERSION = YES_AGGRESSIVE;
				CLANG_CXX_LANGUAGE_STANDARD = "gnu++14";
				CLANG_CXX_LIBRARY = "libc++";
				CLANG_ENABLE_MODULES = YES;
				CLANG_ENABLE_OBJC_ARC = YES;
				CLANG_ENABLE_OBJC_WEAK = YES;
				CLANG_WARN_BLOCK_CAPTURE_AUTORELEASING = YES;
				CLANG_WARN_BOOL_CONVERSION = YES;
				CLANG_WARN_COMMA = YES;
				CLANG_WARN_CONSTANT_CONVERSION = YES;
				CLANG_WARN_DEPRECATED_OBJC_IMPLEMENTATIONS = YES;
				CLANG_WARN_DIRECT_OBJC_ISA_USAGE = YES_ERROR;
				CLANG_WARN_DOCUMENTATION_COMMENTS = YES;
				CLANG_WARN_EMPTY_BODY = YES;
				CLANG_WARN_ENUM_CONVERSION = YES;
				CLANG_WARN_INFINITE_RECURSION = YES;
				CLANG_WARN_INT_CONVERSION = YES;
				CLANG_WARN_NON_LITERAL_NULL_CONVERSION = YES;
				CLANG_WARN_OBJC_IMPLICIT_RETAIN_SELF = YES;
				CLANG_WARN_OBJC_LITERAL_CONVERSION = YES;
				CLANG_WARN_OBJC_ROOT_CLASS = YES_ERROR;
				CLANG_WARN_RANGE_LOOP_ANALYSIS = YES;
				CLANG_WARN_STRICT_PROTOTYPES = YES;
				CLANG_WARN_SUSPICIOUS_MOVE = YES;
				CLANG_WARN_UNGUARDED_AVAILABILITY = YES_AGGRESSIVE;
				CLANG_WARN_UNREACHABLE_CODE = YES;
				CLANG_WARN__DUPLICATE_METHOD_MATCH = YES;
				COPY_PHASE_STRIP = NO;
				DEBUG_INFORMATION_FORMAT = "dwarf-with-dsym";
				ENABLE_NS_ASSERTIONS = NO;
				ENABLE_STRICT_OBJC_MSGSEND = YES;
				GCC_C_LANGUAGE_STANDARD = gnu11;
				GCC_NO_COMMON_BLOCKS = YES;
				GCC_WARN_64_TO_32_BIT_CONVERSION = YES;
				GCC_WARN_ABOUT_RETURN_TYPE = YES_ERROR;
				GCC_WARN_UNDECLARED_SELECTOR = YES;
				GCC_WARN_UNINITIALIZED_AUTOS = YES_AGGRESSIVE;
				GCC_WARN_UNUSED_FUNCTION = YES;
				GCC_WARN_UNUSED_VARIABLE = YES;
				IPHONEOS_DEPLOYMENT_TARGET = 13.2;
				MTL_ENABLE_DEBUG_INFO = NO;
				MTL_FAST_MATH = YES;
				SDKROOT = iphoneos;
				SWIFT_COMPILATION_MODE = wholemodule;
				SWIFT_OPTIMIZATION_LEVEL = "-O";
				VALIDATE_PRODUCT = YES;
			};
			name = Release;
		};
		5207AD1C23A99F3C0003DE10 /* Debug */ = {
			isa = XCBuildConfiguration;
			baseConfigurationReference = 3E100FBFF2E2BDF94356582F /* Pods-CitasMedicas.debug.xcconfig */;
			buildSettings = {
				ASSETCATALOG_COMPILER_APPICON_NAME = AppIcon;
				CODE_SIGN_STYLE = Automatic;
				DEVELOPMENT_TEAM = 27L633RGUJ;
				INFOPLIST_FILE = CitasMedicas/Info.plist;
				IPHONEOS_DEPLOYMENT_TARGET = 13.1;
				LD_RUNPATH_SEARCH_PATHS = (
					"$(inherited)",
					"@executable_path/Frameworks",
				);
				PRODUCT_BUNDLE_IDENTIFIER = mx.com.osver.CitasMedicas;
				PRODUCT_NAME = "$(TARGET_NAME)";
				SWIFT_VERSION = 5.0;
				TARGETED_DEVICE_FAMILY = "1,2";
			};
			name = Debug;
		};
		5207AD1D23A99F3C0003DE10 /* Release */ = {
			isa = XCBuildConfiguration;
			baseConfigurationReference = 1588101A702D64CEFE7E2546 /* Pods-CitasMedicas.release.xcconfig */;
			buildSettings = {
				ASSETCATALOG_COMPILER_APPICON_NAME = AppIcon;
				CODE_SIGN_STYLE = Automatic;
				DEVELOPMENT_TEAM = 27L633RGUJ;
				INFOPLIST_FILE = CitasMedicas/Info.plist;
				IPHONEOS_DEPLOYMENT_TARGET = 13.1;
				LD_RUNPATH_SEARCH_PATHS = (
					"$(inherited)",
					"@executable_path/Frameworks",
				);
				PRODUCT_BUNDLE_IDENTIFIER = mx.com.osver.CitasMedicas;
				PRODUCT_NAME = "$(TARGET_NAME)";
				SWIFT_VERSION = 5.0;
				TARGETED_DEVICE_FAMILY = "1,2";
			};
			name = Release;
		};
/* End XCBuildConfiguration section */

/* Begin XCConfigurationList section */
		5207ACFF23A99F340003DE10 /* Build configuration list for PBXProject "CitasMedicas" */ = {
			isa = XCConfigurationList;
			buildConfigurations = (
				5207AD1923A99F3C0003DE10 /* Debug */,
				5207AD1A23A99F3C0003DE10 /* Release */,
			);
			defaultConfigurationIsVisible = 0;
			defaultConfigurationName = Release;
		};
		5207AD1B23A99F3C0003DE10 /* Build configuration list for PBXNativeTarget "CitasMedicas" */ = {
			isa = XCConfigurationList;
			buildConfigurations = (
				5207AD1C23A99F3C0003DE10 /* Debug */,
				5207AD1D23A99F3C0003DE10 /* Release */,
			);
			defaultConfigurationIsVisible = 0;
			defaultConfigurationName = Release;
		};
/* End XCConfigurationList section */

/* Begin XCVersionGroup section */
		5207AD1023A99F340003DE10 /* CitasMedicas.xcdatamodeld */ = {
			isa = XCVersionGroup;
			children = (
				5207AD1123A99F340003DE10 /* CitasMedicas.xcdatamodel */,
			);
			currentVersion = 5207AD1123A99F340003DE10 /* CitasMedicas.xcdatamodel */;
			path = CitasMedicas.xcdatamodeld;
			sourceTree = "<group>";
			versionGroupType = wrapper.xcdatamodel;
		};
/* End XCVersionGroup section */
	};
	rootObject = 5207ACFC23A99F340003DE10 /* Project object */;
}
